
Microsoft Visual Studio Solution File, Format Version 12.00
# Visual Studio Version 16
VisualStudioVersion = 25.0.1706.10
MinimumVisualStudioVersion = 10.0.40219.1
Project("{FAE04EC0-301F-11D3-BF4B-00C04F79EFBC}") = "VSCANVAS", "VSCANVAS\VSCANVAS.csproj", "{AEF59518-4BA7-470A-A0E8-6989F9691F57}"
EndProject
Project("{FAE04EC0-301F-11D3-BF4B-00C04F79EFBC}") = "Library.VSCANVAS", "Library.VSCANVAS\Library.VSCANVAS.csproj", "{FBFFCF36-9454-4BB9-9459-E9DD5D6D0DF3}"
EndProject
Project("{2150E333-8FDC-42A3-9474-1A3956D46DE8}") = "Solution Items", "Solution Items", "{83D296CC-FAF2-48E2-95E0-8B96EF8CB185}"
	ProjectSection(SolutionItems) = preProject
		.editorconfig = .editorconfig
	EndProjectSection
EndProject
Global
	GlobalSection(SolutionConfigurationPlatforms) = preSolution
		Debug|Any CPU = Debug|Any CPU
		Release|Any CPU = Release|Any CPU
	EndGlobalSection
	GlobalSection(ProjectConfigurationPlatforms) = postSolution
		{AEF59518-4BA7-470A-A0E8-6989F9691F57}.Debug|Any CPU.ActiveCfg = Debug|Any CPU
		{AEF59518-4BA7-470A-A0E8-6989F9691F57}.Debug|Any CPU.Build.0 = Debug|Any CPU
		{AEF59518-4BA7-470A-A0E8-6989F9691F57}.Release|Any CPU.ActiveCfg = Release|Any CPU
		{AEF59518-4BA7-470A-A0E8-6989F9691F57}.Release|Any CPU.Build.0 = Release|Any CPU
		{FBFFCF36-9454-4BB9-9459-E9DD5D6D0DF3}.Debug|Any CPU.ActiveCfg = Debug|Any CPU
		{FBFFCF36-9454-4BB9-9459-E9DD5D6D0DF3}.Debug|Any CPU.Build.0 = Debug|Any CPU
		{FBFFCF36-9454-4BB9-9459-E9DD5D6D0DF3}.Release|Any CPU.ActiveCfg = Release|Any CPU
		{FBFFCF36-9454-4BB9-9459-E9DD5D6D0DF3}.Release|Any CPU.Build.0 = Release|Any CPU
	EndGlobalSection
	GlobalSection(SolutionProperties) = preSolution
		HideSolutionNode = FALSE
	EndGlobalSection
	GlobalSection(ExtensibilityGlobals) = postSolution
		SolutionGuid = {BF43A1D4-C00A-4E8C-8CF1-0352EF44D5C3}
	EndGlobalSection
EndGlobal
